
Microsoft Visual Studio Solution File, Format Version 12.00
# Visual Studio 2013
VisualStudioVersion = 12.0.21005.1
MinimumVisualStudioVersion = 10.0.40219.1
Project("{B1E792BE-AA5F-4E3C-8C82-674BF9C0715B}") = "Top350Lager", "Top350Lager\Top350Lager.tsproj", "{8F6EAB76-0B47-4832-ACBA-86A0A7746AFD}"
EndProject
Global
	GlobalSection(SolutionConfigurationPlatforms) = preSolution
		Debug|TwinCAT CE7 (ARMV7) = Debug|TwinCAT CE7 (ARMV7)
		Debug|TwinCAT RT (x64) = Debug|TwinCAT RT (x64)
		Debug|TwinCAT RT (x86) = Debug|TwinCAT RT (x86)
		Release|TwinCAT CE7 (ARMV7) = Release|TwinCAT CE7 (ARMV7)
		Release|TwinCAT RT (x64) = Release|TwinCAT RT (x64)
		Release|TwinCAT RT (x86) = Release|TwinCAT RT (x86)
	EndGlobalSection
	GlobalSection(ProjectConfigurationPlatforms) = postSolution
		{8F6EAB76-0B47-4832-ACBA-86A0A7746AFD}.Debug|TwinCAT CE7 (ARMV7).ActiveCfg = Debug|TwinCAT CE7 (ARMV7)
		{8F6EAB76-0B47-4832-ACBA-86A0A7746AFD}.Debug|TwinCAT CE7 (ARMV7).Build.0 = Debug|TwinCAT CE7 (ARMV7)
		{8F6EAB76-0B47-4832-ACBA-86A0A7746AFD}.Debug|TwinCAT RT (x64).ActiveCfg = Debug|TwinCAT RT (x64)
		{8F6EAB76-0B47-4832-ACBA-86A0A7746AFD}.Debug|TwinCAT RT (x64).Build.0 = Debug|TwinCAT RT (x64)
		{8F6EAB76-0B47-4832-ACBA-86A0A7746AFD}.Debug|TwinCAT RT (x86).ActiveCfg = Debug|TwinCAT RT (x86)
		{8F6EAB76-0B47-4832-ACBA-86A0A7746AFD}.Debug|TwinCAT RT (x86).Build.0 = Debug|TwinCAT RT (x86)
		{8F6EAB76-0B47-4832-ACBA-86A0A7746AFD}.Release|TwinCAT CE7 (ARMV7).ActiveCfg = Release|TwinCAT CE7 (ARMV7)
		{8F6EAB76-0B47-4832-ACBA-86A0A7746AFD}.Release|TwinCAT CE7 (ARMV7).Build.0 = Release|TwinCAT CE7 (ARMV7)
		{8F6EAB76-0B47-4832-ACBA-86A0A7746AFD}.Release|TwinCAT RT (x64).ActiveCfg = Release|TwinCAT RT (x64)
		{8F6EAB76-0B47-4832-ACBA-86A0A7746AFD}.Release|TwinCAT RT (x64).Build.0 = Release|TwinCAT RT (x64)
		{8F6EAB76-0B47-4832-ACBA-86A0A7746AFD}.Release|TwinCAT RT (x86).ActiveCfg = Release|TwinCAT RT (x86)
		{8F6EAB76-0B47-4832-ACBA-86A0A7746AFD}.Release|TwinCAT RT (x86).Build.0 = Release|TwinCAT RT (x86)
		{62C75926-3CF3-4344-9365-004252958C49}.Debug|TwinCAT CE7 (ARMV7).ActiveCfg = Debug|TwinCAT CE7 (ARMV7)
		{62C75926-3CF3-4344-9365-004252958C49}.Debug|TwinCAT CE7 (ARMV7).Build.0 = Debug|TwinCAT CE7 (ARMV7)
		{62C75926-3CF3-4344-9365-004252958C49}.Debug|TwinCAT RT (x64).ActiveCfg = Debug|TwinCAT RT (x64)
		{62C75926-3CF3-4344-9365-004252958C49}.Debug|TwinCAT RT (x64).Build.0 = Debug|TwinCAT RT (x64)
		{62C75926-3CF3-4344-9365-004252958C49}.Debug|TwinCAT RT (x86).ActiveCfg = Debug|TwinCAT RT (x86)
		{62C75926-3CF3-4344-9365-004252958C49}.Debug|TwinCAT RT (x86).Build.0 = Debug|TwinCAT RT (x86)
		{62C75926-3CF3-4344-9365-004252958C49}.Release|TwinCAT CE7 (ARMV7).ActiveCfg = Release|TwinCAT CE7 (ARMV7)
		{62C75926-3CF3-4344-9365-004252958C49}.Release|TwinCAT CE7 (ARMV7).Build.0 = Release|TwinCAT CE7 (ARMV7)
		{62C75926-3CF3-4344-9365-004252958C49}.Release|TwinCAT RT (x64).ActiveCfg = Release|TwinCAT RT (x64)
		{62C75926-3CF3-4344-9365-004252958C49}.Release|TwinCAT RT (x64).Build.0 = Release|TwinCAT RT (x64)
		{62C75926-3CF3-4344-9365-004252958C49}.Release|TwinCAT RT (x86).ActiveCfg = Release|TwinCAT RT (x86)
		{62C75926-3CF3-4344-9365-004252958C49}.Release|TwinCAT RT (x86).Build.0 = Release|TwinCAT RT (x86)
	EndGlobalSection
	GlobalSection(SolutionProperties) = preSolution
		HideSolutionNode = FALSE
	EndGlobalSection
EndGlobal
